
Microsoft Visual Studio Solution File, Format Version 12.00
# Visual Studio Version 17
VisualStudioVersion = 17.11.35208.52
MinimumVisualStudioVersion = 10.0.40219.1
Project("{FAE04EC0-301F-11D3-BF4B-00C04F79EFBC}") = "JegyzetekWebApp", "JegyzetekWebApp\JegyzetekWebApp.csproj", "{C1B726AF-4847-4383-B6B6-FC27BB1E97C0}"
EndProject
Global
	GlobalSection(SolutionConfigurationPlatforms) = preSolution
		Debug|Any CPU = Debug|Any CPU
		Release|Any CPU = Release|Any CPU
	EndGlobalSection
	GlobalSection(ProjectConfigurationPlatforms) = postSolution
		{C1B726AF-4847-4383-B6B6-FC27BB1E97C0}.Debug|Any CPU.ActiveCfg = Debug|Any CPU
		{C1B726AF-4847-4383-B6B6-FC27BB1E97C0}.Debug|Any CPU.Build.0 = Debug|Any CPU
		{C1B726AF-4847-4383-B6B6-FC27BB1E97C0}.Release|Any CPU.ActiveCfg = Release|Any CPU
		{C1B726AF-4847-4383-B6B6-FC27BB1E97C0}.Release|Any CPU.Build.0 = Release|Any CPU
	EndGlobalSection
	GlobalSection(SolutionProperties) = preSolution
		HideSolutionNode = FALSE
	EndGlobalSection
	GlobalSection(ExtensibilityGlobals) = postSolution
		SolutionGuid = {14F09CE9-EC9E-445D-B53E-360798FEF7ED}
	EndGlobalSection
EndGlobal
